
Microsoft Visual Studio Solution File, Format Version 12.00
Project("{FAE04EC0-301F-11D3-BF4B-00C04F79EFBC}") = "Selenium.Tests", "Selenium.Tests\Selenium.Tests.csproj", "{CC574998-8F75-485D-8F17-521F77F1708E}"
EndProject
Global
	GlobalSection(SolutionConfigurationPlatforms) = preSolution
		Debug|Any CPU = Debug|Any CPU
		Release|Any CPU = Release|Any CPU
	EndGlobalSection
	GlobalSection(ProjectConfigurationPlatforms) = postSolution
		{CC574998-8F75-485D-8F17-521F77F1708E}.Debug|Any CPU.ActiveCfg = Debug|Any CPU
		{CC574998-8F75-485D-8F17-521F77F1708E}.Debug|Any CPU.Build.0 = Debug|Any CPU
		{CC574998-8F75-485D-8F17-521F77F1708E}.Release|Any CPU.ActiveCfg = Release|Any CPU
		{CC574998-8F75-485D-8F17-521F77F1708E}.Release|Any CPU.Build.0 = Release|Any CPU
	EndGlobalSection
EndGlobal
